
Microsoft Visual Studio Solution File, Format Version 12.00
# Visual Studio Version 17
VisualStudioVersion = 17.11.35303.130
MinimumVisualStudioVersion = 10.0.40219.1
Project("{FAE04EC0-301F-11D3-BF4B-00C04F79EFBC}") = "FrasesDeAmorApp", "FrasesDeAmorApp\FrasesDeAmorApp.csproj", "{750AEFED-1D0A-484E-8C12-C0D6DF0D92FF}"
EndProject
Global
	GlobalSection(SolutionConfigurationPlatforms) = preSolution
		Debug|Any CPU = Debug|Any CPU
		Release|Any CPU = Release|Any CPU
	EndGlobalSection
	GlobalSection(ProjectConfigurationPlatforms) = postSolution
		{750AEFED-1D0A-484E-8C12-C0D6DF0D92FF}.Debug|Any CPU.ActiveCfg = Debug|Any CPU
		{750AEFED-1D0A-484E-8C12-C0D6DF0D92FF}.Debug|Any CPU.Build.0 = Debug|Any CPU
		{750AEFED-1D0A-484E-8C12-C0D6DF0D92FF}.Release|Any CPU.ActiveCfg = Release|Any CPU
		{750AEFED-1D0A-484E-8C12-C0D6DF0D92FF}.Release|Any CPU.Build.0 = Release|Any CPU
	EndGlobalSection
	GlobalSection(SolutionProperties) = preSolution
		HideSolutionNode = FALSE
	EndGlobalSection
	GlobalSection(ExtensibilityGlobals) = postSolution
		SolutionGuid = {A79AB251-E3D2-4913-A5FC-12A072453D02}
	EndGlobalSection
EndGlobal
